
Microsoft Visual Studio Solution File, Format Version 12.00
# Visual Studio Version 17
VisualStudioVersion = 17.9.34723.18
MinimumVisualStudioVersion = 10.0.40219.1
Project("{FAE04EC0-301F-11D3-BF4B-00C04F79EFBC}") = "FirstConnection", "FirstConnection\FirstConnection.csproj", "{21B36796-34D8-4A7D-9D6D-DE9EF08DBF5B}"
EndProject
Global
	GlobalSection(SolutionConfigurationPlatforms) = preSolution
		Debug|Any CPU = Debug|Any CPU
		Release|Any CPU = Release|Any CPU
	EndGlobalSection
	GlobalSection(ProjectConfigurationPlatforms) = postSolution
		{21B36796-34D8-4A7D-9D6D-DE9EF08DBF5B}.Debug|Any CPU.ActiveCfg = Debug|Any CPU
		{21B36796-34D8-4A7D-9D6D-DE9EF08DBF5B}.Debug|Any CPU.Build.0 = Debug|Any CPU
		{21B36796-34D8-4A7D-9D6D-DE9EF08DBF5B}.Release|Any CPU.ActiveCfg = Release|Any CPU
		{21B36796-34D8-4A7D-9D6D-DE9EF08DBF5B}.Release|Any CPU.Build.0 = Release|Any CPU
	EndGlobalSection
	GlobalSection(SolutionProperties) = preSolution
		HideSolutionNode = FALSE
	EndGlobalSection
	GlobalSection(ExtensibilityGlobals) = postSolution
		SolutionGuid = {BBFC492E-6B44-47BE-B7F2-B3785EAA6628}
	EndGlobalSection
EndGlobal
