
Microsoft Visual Studio Solution File, Format Version 12.00
# Visual Studio Version 17
VisualStudioVersion = 17.9.34723.18
MinimumVisualStudioVersion = 10.0.40219.1
Project("{FAE04EC0-301F-11D3-BF4B-00C04F79EFBC}") = "FirstLesson", "FirstLesson\FirstLesson.csproj", "{4696FD85-9CC4-47C2-97AD-CBC45B4D6BCE}"
EndProject
Global
	GlobalSection(SolutionConfigurationPlatforms) = preSolution
		Debug|Any CPU = Debug|Any CPU
		Release|Any CPU = Release|Any CPU
	EndGlobalSection
	GlobalSection(ProjectConfigurationPlatforms) = postSolution
		{4696FD85-9CC4-47C2-97AD-CBC45B4D6BCE}.Debug|Any CPU.ActiveCfg = Debug|Any CPU
		{4696FD85-9CC4-47C2-97AD-CBC45B4D6BCE}.Debug|Any CPU.Build.0 = Debug|Any CPU
		{4696FD85-9CC4-47C2-97AD-CBC45B4D6BCE}.Release|Any CPU.ActiveCfg = Release|Any CPU
		{4696FD85-9CC4-47C2-97AD-CBC45B4D6BCE}.Release|Any CPU.Build.0 = Release|Any CPU
	EndGlobalSection
	GlobalSection(SolutionProperties) = preSolution
		HideSolutionNode = FALSE
	EndGlobalSection
	GlobalSection(ExtensibilityGlobals) = postSolution
		SolutionGuid = {4D737E6B-8E5D-49FD-A4AF-D3F2980FF362}
	EndGlobalSection
EndGlobal
