
Microsoft Visual Studio Solution File, Format Version 12.00
# Visual Studio Version 17
VisualStudioVersion = 17.9.34723.18
MinimumVisualStudioVersion = 10.0.40219.1
Project("{FAE04EC0-301F-11D3-BF4B-00C04F79EFBC}") = "AsyncApp2", "AsyncApp2\AsyncApp2.csproj", "{2EFCEF69-87DA-474C-BDB0-EDBDC652AD15}"
EndProject
Global
	GlobalSection(SolutionConfigurationPlatforms) = preSolution
		Debug|Any CPU = Debug|Any CPU
		Release|Any CPU = Release|Any CPU
	EndGlobalSection
	GlobalSection(ProjectConfigurationPlatforms) = postSolution
		{2EFCEF69-87DA-474C-BDB0-EDBDC652AD15}.Debug|Any CPU.ActiveCfg = Debug|Any CPU
		{2EFCEF69-87DA-474C-BDB0-EDBDC652AD15}.Debug|Any CPU.Build.0 = Debug|Any CPU
		{2EFCEF69-87DA-474C-BDB0-EDBDC652AD15}.Release|Any CPU.ActiveCfg = Release|Any CPU
		{2EFCEF69-87DA-474C-BDB0-EDBDC652AD15}.Release|Any CPU.Build.0 = Release|Any CPU
	EndGlobalSection
	GlobalSection(SolutionProperties) = preSolution
		HideSolutionNode = FALSE
	EndGlobalSection
	GlobalSection(ExtensibilityGlobals) = postSolution
		SolutionGuid = {AA51160B-CF53-4E06-9D86-204A6D3A91FA}
	EndGlobalSection
EndGlobal
