
Microsoft Visual Studio Solution File, Format Version 12.00
# Visual Studio Version 17
VisualStudioVersion = 17.6.33815.320
MinimumVisualStudioVersion = 10.0.40219.1
Project("{FAE04EC0-301F-11D3-BF4B-00C04F79EFBC}") = "ContactsBook", "ContactsBook\ContactsBook.csproj", "{DB3E96B4-FC69-46B5-BCD6-D1512ED2DB04}"
EndProject
Global
	GlobalSection(SolutionConfigurationPlatforms) = preSolution
		Debug|Any CPU = Debug|Any CPU
		Release|Any CPU = Release|Any CPU
	EndGlobalSection
	GlobalSection(ProjectConfigurationPlatforms) = postSolution
		{DB3E96B4-FC69-46B5-BCD6-D1512ED2DB04}.Debug|Any CPU.ActiveCfg = Debug|Any CPU
		{DB3E96B4-FC69-46B5-BCD6-D1512ED2DB04}.Debug|Any CPU.Build.0 = Debug|Any CPU
		{DB3E96B4-FC69-46B5-BCD6-D1512ED2DB04}.Release|Any CPU.ActiveCfg = Release|Any CPU
		{DB3E96B4-FC69-46B5-BCD6-D1512ED2DB04}.Release|Any CPU.Build.0 = Release|Any CPU
	EndGlobalSection
	GlobalSection(SolutionProperties) = preSolution
		HideSolutionNode = FALSE
	EndGlobalSection
	GlobalSection(ExtensibilityGlobals) = postSolution
		SolutionGuid = {6C57C62C-906A-4624-A907-5B237A009CBA}
	EndGlobalSection
EndGlobal
