
Microsoft Visual Studio Solution File, Format Version 12.00
# Visual Studio Version 17
VisualStudioVersion = 17.6.33815.320
MinimumVisualStudioVersion = 10.0.40219.1
Project("{FAE04EC0-301F-11D3-BF4B-00C04F79EFBC}") = "CommandWPF", "CommandWPF\CommandWPF.csproj", "{AB00C83B-381F-433A-BDB7-63DF29C11B65}"
EndProject
Global
	GlobalSection(SolutionConfigurationPlatforms) = preSolution
		Debug|Any CPU = Debug|Any CPU
		Release|Any CPU = Release|Any CPU
	EndGlobalSection
	GlobalSection(ProjectConfigurationPlatforms) = postSolution
		{AB00C83B-381F-433A-BDB7-63DF29C11B65}.Debug|Any CPU.ActiveCfg = Debug|Any CPU
		{AB00C83B-381F-433A-BDB7-63DF29C11B65}.Debug|Any CPU.Build.0 = Debug|Any CPU
		{AB00C83B-381F-433A-BDB7-63DF29C11B65}.Release|Any CPU.ActiveCfg = Release|Any CPU
		{AB00C83B-381F-433A-BDB7-63DF29C11B65}.Release|Any CPU.Build.0 = Release|Any CPU
	EndGlobalSection
	GlobalSection(SolutionProperties) = preSolution
		HideSolutionNode = FALSE
	EndGlobalSection
	GlobalSection(ExtensibilityGlobals) = postSolution
		SolutionGuid = {D6765382-F864-41AD-849F-2FE8E56518B6}
	EndGlobalSection
EndGlobal
