
Microsoft Visual Studio Solution File, Format Version 12.00
# Visual Studio Version 17
VisualStudioVersion = 17.6.33815.320
MinimumVisualStudioVersion = 10.0.40219.1
Project("{FAE04EC0-301F-11D3-BF4B-00C04F79EFBC}") = "Collections", "Collections\Collections.csproj", "{B9FE00B2-2A3C-4766-AA85-7EB8F522D248}"
EndProject
Global
	GlobalSection(SolutionConfigurationPlatforms) = preSolution
		Debug|Any CPU = Debug|Any CPU
		Release|Any CPU = Release|Any CPU
	EndGlobalSection
	GlobalSection(ProjectConfigurationPlatforms) = postSolution
		{B9FE00B2-2A3C-4766-AA85-7EB8F522D248}.Debug|Any CPU.ActiveCfg = Debug|Any CPU
		{B9FE00B2-2A3C-4766-AA85-7EB8F522D248}.Debug|Any CPU.Build.0 = Debug|Any CPU
		{B9FE00B2-2A3C-4766-AA85-7EB8F522D248}.Release|Any CPU.ActiveCfg = Release|Any CPU
		{B9FE00B2-2A3C-4766-AA85-7EB8F522D248}.Release|Any CPU.Build.0 = Release|Any CPU
	EndGlobalSection
	GlobalSection(SolutionProperties) = preSolution
		HideSolutionNode = FALSE
	EndGlobalSection
	GlobalSection(ExtensibilityGlobals) = postSolution
		SolutionGuid = {00BFCDDB-31DB-4F8E-ADEF-A85C247E7435}
	EndGlobalSection
EndGlobal
