
Microsoft Visual Studio Solution File, Format Version 12.00
# Visual Studio Version 17
VisualStudioVersion = 17.6.33815.320
MinimumVisualStudioVersion = 10.0.40219.1
Project("{FAE04EC0-301F-11D3-BF4B-00C04F79EFBC}") = "GC", "GC\GC.csproj", "{C262DF35-506A-4540-A70B-E79C29EBC6B5}"
EndProject
Global
	GlobalSection(SolutionConfigurationPlatforms) = preSolution
		Debug|Any CPU = Debug|Any CPU
		Release|Any CPU = Release|Any CPU
	EndGlobalSection
	GlobalSection(ProjectConfigurationPlatforms) = postSolution
		{C262DF35-506A-4540-A70B-E79C29EBC6B5}.Debug|Any CPU.ActiveCfg = Debug|Any CPU
		{C262DF35-506A-4540-A70B-E79C29EBC6B5}.Debug|Any CPU.Build.0 = Debug|Any CPU
		{C262DF35-506A-4540-A70B-E79C29EBC6B5}.Release|Any CPU.ActiveCfg = Release|Any CPU
		{C262DF35-506A-4540-A70B-E79C29EBC6B5}.Release|Any CPU.Build.0 = Release|Any CPU
	EndGlobalSection
	GlobalSection(SolutionProperties) = preSolution
		HideSolutionNode = FALSE
	EndGlobalSection
	GlobalSection(ExtensibilityGlobals) = postSolution
		SolutionGuid = {9FB64FC7-924F-4E44-AF52-2122F4D4687C}
	EndGlobalSection
EndGlobal
