
Microsoft Visual Studio Solution File, Format Version 12.00
# Visual Studio Version 17
VisualStudioVersion = 17.0.31903.59
MinimumVisualStudioVersion = 10.0.40219.1
Project("{9A19103F-16F7-4668-BE54-9A1E7A4F7556}") = "AbstractFactory", "AbstractFactory\AbstractFactory.csproj", "{31373F69-DA62-493E-B4C8-2EBE25ADEB16}"
EndProject
Project("{9A19103F-16F7-4668-BE54-9A1E7A4F7556}") = "FactoryMethod", "FactoryMethod\FactoryMethod.csproj", "{20C55BAF-8334-4BE1-83B5-50723697F3A2}"
EndProject
Project("{9A19103F-16F7-4668-BE54-9A1E7A4F7556}") = "Builder", "Builder\Builder.csproj", "{C5726008-4F42-4E51-B525-77E1F8409E6B}"
EndProject
Project("{9A19103F-16F7-4668-BE54-9A1E7A4F7556}") = "Prototype", "Prototype\Prototype.csproj", "{E7EDE76F-F103-47B9-ACE1-417475338017}"
EndProject
Project("{9A19103F-16F7-4668-BE54-9A1E7A4F7556}") = "Singelton", "Singelton\Singelton.csproj", "{F7945335-1777-4A36-9CFE-1FC87682ECF5}"
EndProject
Project("{9A19103F-16F7-4668-BE54-9A1E7A4F7556}") = "Adapter", "Adapter\Adapter.csproj", "{831DF9B9-1145-4E88-9E5F-C3827218D642}"
EndProject
Project("{9A19103F-16F7-4668-BE54-9A1E7A4F7556}") = "Bridge", "Bridge\Bridge.csproj", "{96BD2655-3359-4FE6-83B0-35E81530B1B6}"
EndProject
Project("{9A19103F-16F7-4668-BE54-9A1E7A4F7556}") = "Composite", "Composite\Composite.csproj", "{4B267B73-33AF-408D-9EA9-027D006940D5}"
EndProject
Project("{9A19103F-16F7-4668-BE54-9A1E7A4F7556}") = "Decorator", "Decorator\Decorator.csproj", "{6BBC69DC-E95D-4BAF-AD65-641B2970203C}"
EndProject
Project("{9A19103F-16F7-4668-BE54-9A1E7A4F7556}") = "Facade", "Facade\Facade.csproj", "{E7BBAD51-3B1C-444C-BB5F-AEF6E57C09F3}"
EndProject
Project("{9A19103F-16F7-4668-BE54-9A1E7A4F7556}") = "Flyweight", "Flyweight\Flyweight.csproj", "{5C8EF605-02CE-42A3-A73C-CBA3AD0B592A}"
EndProject
Project("{9A19103F-16F7-4668-BE54-9A1E7A4F7556}") = "Proxy", "Proxy\Proxy.csproj", "{D66EF4DA-B590-4443-8094-29C7F7E95C98}"
EndProject
Project("{9A19103F-16F7-4668-BE54-9A1E7A4F7556}") = "ChainOfResponsibility", "ChainOfResponsibility\ChainOfResponsibility.csproj", "{ED507A67-B339-4315-B1B0-7D98ECEED856}"
EndProject
Project("{9A19103F-16F7-4668-BE54-9A1E7A4F7556}") = "Mediator", "Mediator\Mediator.csproj", "{673BF6E6-32CA-48C8-9CDC-6683F01ADA9A}"
EndProject
Project("{9A19103F-16F7-4668-BE54-9A1E7A4F7556}") = "Iterator", "Iterator\Iterator.csproj", "{EE284CC0-0B7A-497A-8E15-DC2371F48ED4}"
EndProject
Project("{9A19103F-16F7-4668-BE54-9A1E7A4F7556}") = "Command", "Command\Command.csproj", "{2644318E-D151-4583-9729-74D00DC04045}"
EndProject
Project("{FAE04EC0-301F-11D3-BF4B-00C04F79EFBC}") = "Observer", "Observer\Observer.csproj", "{01DEF21B-B922-4885-BF5C-EEA617FBD9B0}"
EndProject
Project("{FAE04EC0-301F-11D3-BF4B-00C04F79EFBC}") = "Memento", "Memento\Memento.csproj", "{1DEFDC19-AE21-4B73-85E7-D06549C304D1}"
EndProject
Project("{FAE04EC0-301F-11D3-BF4B-00C04F79EFBC}") = "Strategy", "Strategy\Strategy.csproj", "{10845953-F06B-4760-9966-073093C2C2FC}"
EndProject
Project("{FAE04EC0-301F-11D3-BF4B-00C04F79EFBC}") = "State", "State\State.csproj", "{89EC0C34-E5CD-494E-BD52-8A95387838E8}"
EndProject
Global
	GlobalSection(SolutionConfigurationPlatforms) = preSolution
		Debug|Any CPU = Debug|Any CPU
		Release|Any CPU = Release|Any CPU
	EndGlobalSection
	GlobalSection(ProjectConfigurationPlatforms) = postSolution
		{31373F69-DA62-493E-B4C8-2EBE25ADEB16}.Debug|Any CPU.ActiveCfg = Debug|Any CPU
		{31373F69-DA62-493E-B4C8-2EBE25ADEB16}.Debug|Any CPU.Build.0 = Debug|Any CPU
		{31373F69-DA62-493E-B4C8-2EBE25ADEB16}.Release|Any CPU.ActiveCfg = Release|Any CPU
		{31373F69-DA62-493E-B4C8-2EBE25ADEB16}.Release|Any CPU.Build.0 = Release|Any CPU
		{20C55BAF-8334-4BE1-83B5-50723697F3A2}.Debug|Any CPU.ActiveCfg = Debug|Any CPU
		{20C55BAF-8334-4BE1-83B5-50723697F3A2}.Debug|Any CPU.Build.0 = Debug|Any CPU
		{20C55BAF-8334-4BE1-83B5-50723697F3A2}.Release|Any CPU.ActiveCfg = Release|Any CPU
		{20C55BAF-8334-4BE1-83B5-50723697F3A2}.Release|Any CPU.Build.0 = Release|Any CPU
		{C5726008-4F42-4E51-B525-77E1F8409E6B}.Debug|Any CPU.ActiveCfg = Debug|Any CPU
		{C5726008-4F42-4E51-B525-77E1F8409E6B}.Debug|Any CPU.Build.0 = Debug|Any CPU
		{C5726008-4F42-4E51-B525-77E1F8409E6B}.Release|Any CPU.ActiveCfg = Release|Any CPU
		{C5726008-4F42-4E51-B525-77E1F8409E6B}.Release|Any CPU.Build.0 = Release|Any CPU
		{E7EDE76F-F103-47B9-ACE1-417475338017}.Debug|Any CPU.ActiveCfg = Debug|Any CPU
		{E7EDE76F-F103-47B9-ACE1-417475338017}.Debug|Any CPU.Build.0 = Debug|Any CPU
		{E7EDE76F-F103-47B9-ACE1-417475338017}.Release|Any CPU.ActiveCfg = Release|Any CPU
		{E7EDE76F-F103-47B9-ACE1-417475338017}.Release|Any CPU.Build.0 = Release|Any CPU
		{F7945335-1777-4A36-9CFE-1FC87682ECF5}.Debug|Any CPU.ActiveCfg = Debug|Any CPU
		{F7945335-1777-4A36-9CFE-1FC87682ECF5}.Debug|Any CPU.Build.0 = Debug|Any CPU
		{F7945335-1777-4A36-9CFE-1FC87682ECF5}.Release|Any CPU.ActiveCfg = Release|Any CPU
		{F7945335-1777-4A36-9CFE-1FC87682ECF5}.Release|Any CPU.Build.0 = Release|Any CPU
		{831DF9B9-1145-4E88-9E5F-C3827218D642}.Debug|Any CPU.ActiveCfg = Debug|Any CPU
		{831DF9B9-1145-4E88-9E5F-C3827218D642}.Debug|Any CPU.Build.0 = Debug|Any CPU
		{831DF9B9-1145-4E88-9E5F-C3827218D642}.Release|Any CPU.ActiveCfg = Release|Any CPU
		{831DF9B9-1145-4E88-9E5F-C3827218D642}.Release|Any CPU.Build.0 = Release|Any CPU
		{96BD2655-3359-4FE6-83B0-35E81530B1B6}.Debug|Any CPU.ActiveCfg = Debug|Any CPU
		{96BD2655-3359-4FE6-83B0-35E81530B1B6}.Debug|Any CPU.Build.0 = Debug|Any CPU
		{96BD2655-3359-4FE6-83B0-35E81530B1B6}.Release|Any CPU.ActiveCfg = Release|Any CPU
		{96BD2655-3359-4FE6-83B0-35E81530B1B6}.Release|Any CPU.Build.0 = Release|Any CPU
		{4B267B73-33AF-408D-9EA9-027D006940D5}.Debug|Any CPU.ActiveCfg = Debug|Any CPU
		{4B267B73-33AF-408D-9EA9-027D006940D5}.Debug|Any CPU.Build.0 = Debug|Any CPU
		{4B267B73-33AF-408D-9EA9-027D006940D5}.Release|Any CPU.ActiveCfg = Release|Any CPU
		{4B267B73-33AF-408D-9EA9-027D006940D5}.Release|Any CPU.Build.0 = Release|Any CPU
		{6BBC69DC-E95D-4BAF-AD65-641B2970203C}.Debug|Any CPU.ActiveCfg = Debug|Any CPU
		{6BBC69DC-E95D-4BAF-AD65-641B2970203C}.Debug|Any CPU.Build.0 = Debug|Any CPU
		{6BBC69DC-E95D-4BAF-AD65-641B2970203C}.Release|Any CPU.ActiveCfg = Release|Any CPU
		{6BBC69DC-E95D-4BAF-AD65-641B2970203C}.Release|Any CPU.Build.0 = Release|Any CPU
		{E7BBAD51-3B1C-444C-BB5F-AEF6E57C09F3}.Debug|Any CPU.ActiveCfg = Debug|Any CPU
		{E7BBAD51-3B1C-444C-BB5F-AEF6E57C09F3}.Debug|Any CPU.Build.0 = Debug|Any CPU
		{E7BBAD51-3B1C-444C-BB5F-AEF6E57C09F3}.Release|Any CPU.ActiveCfg = Release|Any CPU
		{E7BBAD51-3B1C-444C-BB5F-AEF6E57C09F3}.Release|Any CPU.Build.0 = Release|Any CPU
		{5C8EF605-02CE-42A3-A73C-CBA3AD0B592A}.Debug|Any CPU.ActiveCfg = Debug|Any CPU
		{5C8EF605-02CE-42A3-A73C-CBA3AD0B592A}.Debug|Any CPU.Build.0 = Debug|Any CPU
		{5C8EF605-02CE-42A3-A73C-CBA3AD0B592A}.Release|Any CPU.ActiveCfg = Release|Any CPU
		{5C8EF605-02CE-42A3-A73C-CBA3AD0B592A}.Release|Any CPU.Build.0 = Release|Any CPU
		{D66EF4DA-B590-4443-8094-29C7F7E95C98}.Debug|Any CPU.ActiveCfg = Debug|Any CPU
		{D66EF4DA-B590-4443-8094-29C7F7E95C98}.Debug|Any CPU.Build.0 = Debug|Any CPU
		{D66EF4DA-B590-4443-8094-29C7F7E95C98}.Release|Any CPU.ActiveCfg = Release|Any CPU
		{D66EF4DA-B590-4443-8094-29C7F7E95C98}.Release|Any CPU.Build.0 = Release|Any CPU
		{ED507A67-B339-4315-B1B0-7D98ECEED856}.Debug|Any CPU.ActiveCfg = Debug|Any CPU
		{ED507A67-B339-4315-B1B0-7D98ECEED856}.Debug|Any CPU.Build.0 = Debug|Any CPU
		{ED507A67-B339-4315-B1B0-7D98ECEED856}.Release|Any CPU.ActiveCfg = Release|Any CPU
		{ED507A67-B339-4315-B1B0-7D98ECEED856}.Release|Any CPU.Build.0 = Release|Any CPU
		{673BF6E6-32CA-48C8-9CDC-6683F01ADA9A}.Debug|Any CPU.ActiveCfg = Debug|Any CPU
		{673BF6E6-32CA-48C8-9CDC-6683F01ADA9A}.Debug|Any CPU.Build.0 = Debug|Any CPU
		{673BF6E6-32CA-48C8-9CDC-6683F01ADA9A}.Release|Any CPU.ActiveCfg = Release|Any CPU
		{673BF6E6-32CA-48C8-9CDC-6683F01ADA9A}.Release|Any CPU.Build.0 = Release|Any CPU
		{EE284CC0-0B7A-497A-8E15-DC2371F48ED4}.Debug|Any CPU.ActiveCfg = Debug|Any CPU
		{EE284CC0-0B7A-497A-8E15-DC2371F48ED4}.Debug|Any CPU.Build.0 = Debug|Any CPU
		{EE284CC0-0B7A-497A-8E15-DC2371F48ED4}.Release|Any CPU.ActiveCfg = Release|Any CPU
		{EE284CC0-0B7A-497A-8E15-DC2371F48ED4}.Release|Any CPU.Build.0 = Release|Any CPU
		{2644318E-D151-4583-9729-74D00DC04045}.Debug|Any CPU.ActiveCfg = Debug|Any CPU
		{2644318E-D151-4583-9729-74D00DC04045}.Debug|Any CPU.Build.0 = Debug|Any CPU
		{2644318E-D151-4583-9729-74D00DC04045}.Release|Any CPU.ActiveCfg = Release|Any CPU
		{2644318E-D151-4583-9729-74D00DC04045}.Release|Any CPU.Build.0 = Release|Any CPU
		{01DEF21B-B922-4885-BF5C-EEA617FBD9B0}.Debug|Any CPU.ActiveCfg = Debug|Any CPU
		{01DEF21B-B922-4885-BF5C-EEA617FBD9B0}.Debug|Any CPU.Build.0 = Debug|Any CPU
		{01DEF21B-B922-4885-BF5C-EEA617FBD9B0}.Release|Any CPU.ActiveCfg = Release|Any CPU
		{01DEF21B-B922-4885-BF5C-EEA617FBD9B0}.Release|Any CPU.Build.0 = Release|Any CPU
		{1DEFDC19-AE21-4B73-85E7-D06549C304D1}.Debug|Any CPU.ActiveCfg = Debug|Any CPU
		{1DEFDC19-AE21-4B73-85E7-D06549C304D1}.Debug|Any CPU.Build.0 = Debug|Any CPU
		{1DEFDC19-AE21-4B73-85E7-D06549C304D1}.Release|Any CPU.ActiveCfg = Release|Any CPU
		{1DEFDC19-AE21-4B73-85E7-D06549C304D1}.Release|Any CPU.Build.0 = Release|Any CPU
		{10845953-F06B-4760-9966-073093C2C2FC}.Debug|Any CPU.ActiveCfg = Debug|Any CPU
		{10845953-F06B-4760-9966-073093C2C2FC}.Debug|Any CPU.Build.0 = Debug|Any CPU
		{10845953-F06B-4760-9966-073093C2C2FC}.Release|Any CPU.ActiveCfg = Release|Any CPU
		{10845953-F06B-4760-9966-073093C2C2FC}.Release|Any CPU.Build.0 = Release|Any CPU
		{89EC0C34-E5CD-494E-BD52-8A95387838E8}.Debug|Any CPU.ActiveCfg = Debug|Any CPU
		{89EC0C34-E5CD-494E-BD52-8A95387838E8}.Debug|Any CPU.Build.0 = Debug|Any CPU
		{89EC0C34-E5CD-494E-BD52-8A95387838E8}.Release|Any CPU.ActiveCfg = Release|Any CPU
		{89EC0C34-E5CD-494E-BD52-8A95387838E8}.Release|Any CPU.Build.0 = Release|Any CPU
	EndGlobalSection
	GlobalSection(SolutionProperties) = preSolution
		HideSolutionNode = FALSE
	EndGlobalSection
	GlobalSection(ExtensibilityGlobals) = postSolution
		SolutionGuid = {3B5EFA54-DA33-4964-9A18-D3D8F24C7274}
	EndGlobalSection
EndGlobal
