
Microsoft Visual Studio Solution File, Format Version 12.00
# Visual Studio Version 17
VisualStudioVersion = 17.0.31903.59
MinimumVisualStudioVersion = 10.0.40219.1
Project("{9A19103F-16F7-4668-BE54-9A1E7A4F7556}") = "AbstractFactory", "AbstractFactory\AbstractFactory.csproj", "{31373F69-DA62-493E-B4C8-2EBE25ADEB16}"
EndProject
Project("{9A19103F-16F7-4668-BE54-9A1E7A4F7556}") = "FactoryMethod", "FactoryMethod\FactoryMethod.csproj", "{20C55BAF-8334-4BE1-83B5-50723697F3A2}"
EndProject
Project("{9A19103F-16F7-4668-BE54-9A1E7A4F7556}") = "Builder", "Builder\Builder.csproj", "{C5726008-4F42-4E51-B525-77E1F8409E6B}"
EndProject
Project("{9A19103F-16F7-4668-BE54-9A1E7A4F7556}") = "Prototype", "Prototype\Prototype.csproj", "{E7EDE76F-F103-47B9-ACE1-417475338017}"
EndProject
Project("{9A19103F-16F7-4668-BE54-9A1E7A4F7556}") = "Singelton", "Singelton\Singelton.csproj", "{F7945335-1777-4A36-9CFE-1FC87682ECF5}"
EndProject
Project("{FAE04EC0-301F-11D3-BF4B-00C04F79EFBC}") = "Adapter", "Adapter\Adapter.csproj", "{831DF9B9-1145-4E88-9E5F-C3827218D642}"
EndProject
Project("{FAE04EC0-301F-11D3-BF4B-00C04F79EFBC}") = "Bridge", "Bridge\Bridge.csproj", "{96BD2655-3359-4FE6-83B0-35E81530B1B6}"
EndProject
Project("{FAE04EC0-301F-11D3-BF4B-00C04F79EFBC}") = "Composite", "Composite\Composite.csproj", "{4B267B73-33AF-408D-9EA9-027D006940D5}"
EndProject
Global
	GlobalSection(SolutionConfigurationPlatforms) = preSolution
		Debug|Any CPU = Debug|Any CPU
		Release|Any CPU = Release|Any CPU
	EndGlobalSection
	GlobalSection(ProjectConfigurationPlatforms) = postSolution
		{31373F69-DA62-493E-B4C8-2EBE25ADEB16}.Debug|Any CPU.ActiveCfg = Debug|Any CPU
		{31373F69-DA62-493E-B4C8-2EBE25ADEB16}.Debug|Any CPU.Build.0 = Debug|Any CPU
		{31373F69-DA62-493E-B4C8-2EBE25ADEB16}.Release|Any CPU.ActiveCfg = Release|Any CPU
		{31373F69-DA62-493E-B4C8-2EBE25ADEB16}.Release|Any CPU.Build.0 = Release|Any CPU
		{20C55BAF-8334-4BE1-83B5-50723697F3A2}.Debug|Any CPU.ActiveCfg = Debug|Any CPU
		{20C55BAF-8334-4BE1-83B5-50723697F3A2}.Debug|Any CPU.Build.0 = Debug|Any CPU
		{20C55BAF-8334-4BE1-83B5-50723697F3A2}.Release|Any CPU.ActiveCfg = Release|Any CPU
		{20C55BAF-8334-4BE1-83B5-50723697F3A2}.Release|Any CPU.Build.0 = Release|Any CPU
		{C5726008-4F42-4E51-B525-77E1F8409E6B}.Debug|Any CPU.ActiveCfg = Debug|Any CPU
		{C5726008-4F42-4E51-B525-77E1F8409E6B}.Debug|Any CPU.Build.0 = Debug|Any CPU
		{C5726008-4F42-4E51-B525-77E1F8409E6B}.Release|Any CPU.ActiveCfg = Release|Any CPU
		{C5726008-4F42-4E51-B525-77E1F8409E6B}.Release|Any CPU.Build.0 = Release|Any CPU
		{E7EDE76F-F103-47B9-ACE1-417475338017}.Debug|Any CPU.ActiveCfg = Debug|Any CPU
		{E7EDE76F-F103-47B9-ACE1-417475338017}.Debug|Any CPU.Build.0 = Debug|Any CPU
		{E7EDE76F-F103-47B9-ACE1-417475338017}.Release|Any CPU.ActiveCfg = Release|Any CPU
		{E7EDE76F-F103-47B9-ACE1-417475338017}.Release|Any CPU.Build.0 = Release|Any CPU
		{F7945335-1777-4A36-9CFE-1FC87682ECF5}.Debug|Any CPU.ActiveCfg = Debug|Any CPU
		{F7945335-1777-4A36-9CFE-1FC87682ECF5}.Debug|Any CPU.Build.0 = Debug|Any CPU
		{F7945335-1777-4A36-9CFE-1FC87682ECF5}.Release|Any CPU.ActiveCfg = Release|Any CPU
		{F7945335-1777-4A36-9CFE-1FC87682ECF5}.Release|Any CPU.Build.0 = Release|Any CPU
		{831DF9B9-1145-4E88-9E5F-C3827218D642}.Debug|Any CPU.ActiveCfg = Debug|Any CPU
		{831DF9B9-1145-4E88-9E5F-C3827218D642}.Debug|Any CPU.Build.0 = Debug|Any CPU
		{831DF9B9-1145-4E88-9E5F-C3827218D642}.Release|Any CPU.ActiveCfg = Release|Any CPU
		{831DF9B9-1145-4E88-9E5F-C3827218D642}.Release|Any CPU.Build.0 = Release|Any CPU
		{96BD2655-3359-4FE6-83B0-35E81530B1B6}.Debug|Any CPU.ActiveCfg = Debug|Any CPU
		{96BD2655-3359-4FE6-83B0-35E81530B1B6}.Debug|Any CPU.Build.0 = Debug|Any CPU
		{96BD2655-3359-4FE6-83B0-35E81530B1B6}.Release|Any CPU.ActiveCfg = Release|Any CPU
		{96BD2655-3359-4FE6-83B0-35E81530B1B6}.Release|Any CPU.Build.0 = Release|Any CPU
		{4B267B73-33AF-408D-9EA9-027D006940D5}.Debug|Any CPU.ActiveCfg = Debug|Any CPU
		{4B267B73-33AF-408D-9EA9-027D006940D5}.Debug|Any CPU.Build.0 = Debug|Any CPU
		{4B267B73-33AF-408D-9EA9-027D006940D5}.Release|Any CPU.ActiveCfg = Release|Any CPU
		{4B267B73-33AF-408D-9EA9-027D006940D5}.Release|Any CPU.Build.0 = Release|Any CPU
	EndGlobalSection
	GlobalSection(SolutionProperties) = preSolution
		HideSolutionNode = FALSE
	EndGlobalSection
	GlobalSection(ExtensibilityGlobals) = postSolution
		SolutionGuid = {3B5EFA54-DA33-4964-9A18-D3D8F24C7274}
	EndGlobalSection
EndGlobal
