
Microsoft Visual Studio Solution File, Format Version 12.00
# Visual Studio Version 17
VisualStudioVersion = 17.9.34723.18
MinimumVisualStudioVersion = 10.0.40219.1
Project("{FAE04EC0-301F-11D3-BF4B-00C04F79EFBC}") = "ClientUDP", "ClientUDP\ClientUDP.csproj", "{019E24D8-9E74-4965-AC38-B8784615B581}"
EndProject
Project("{FAE04EC0-301F-11D3-BF4B-00C04F79EFBC}") = "ServerUDP", "ServerUDP\ServerUDP.csproj", "{AC5AF344-CD96-4D76-9089-8C17E761FBF4}"
EndProject
Global
	GlobalSection(SolutionConfigurationPlatforms) = preSolution
		Debug|Any CPU = Debug|Any CPU
		Release|Any CPU = Release|Any CPU
	EndGlobalSection
	GlobalSection(ProjectConfigurationPlatforms) = postSolution
		{019E24D8-9E74-4965-AC38-B8784615B581}.Debug|Any CPU.ActiveCfg = Debug|Any CPU
		{019E24D8-9E74-4965-AC38-B8784615B581}.Debug|Any CPU.Build.0 = Debug|Any CPU
		{019E24D8-9E74-4965-AC38-B8784615B581}.Release|Any CPU.ActiveCfg = Release|Any CPU
		{019E24D8-9E74-4965-AC38-B8784615B581}.Release|Any CPU.Build.0 = Release|Any CPU
		{AC5AF344-CD96-4D76-9089-8C17E761FBF4}.Debug|Any CPU.ActiveCfg = Debug|Any CPU
		{AC5AF344-CD96-4D76-9089-8C17E761FBF4}.Debug|Any CPU.Build.0 = Debug|Any CPU
		{AC5AF344-CD96-4D76-9089-8C17E761FBF4}.Release|Any CPU.ActiveCfg = Release|Any CPU
		{AC5AF344-CD96-4D76-9089-8C17E761FBF4}.Release|Any CPU.Build.0 = Release|Any CPU
	EndGlobalSection
	GlobalSection(SolutionProperties) = preSolution
		HideSolutionNode = FALSE
	EndGlobalSection
	GlobalSection(ExtensibilityGlobals) = postSolution
		SolutionGuid = {E9B30560-7038-4C3B-8472-0714CF2B9F16}
	EndGlobalSection
EndGlobal
