
Microsoft Visual Studio Solution File, Format Version 12.00
# Visual Studio Version 17
VisualStudioVersion = 17.6.33815.320
MinimumVisualStudioVersion = 10.0.40219.1
Project("{8BC9CEB8-8B4A-11D0-8D11-00A0C91BC942}") = "OverloadEqual", "OverloadEqual\OverloadEqual.vcxproj", "{BABF7543-3814-4CBE-A224-118374FF7645}"
EndProject
Global
	GlobalSection(SolutionConfigurationPlatforms) = preSolution
		Debug|x64 = Debug|x64
		Debug|x86 = Debug|x86
		Release|x64 = Release|x64
		Release|x86 = Release|x86
	EndGlobalSection
	GlobalSection(ProjectConfigurationPlatforms) = postSolution
		{BABF7543-3814-4CBE-A224-118374FF7645}.Debug|x64.ActiveCfg = Debug|x64
		{BABF7543-3814-4CBE-A224-118374FF7645}.Debug|x64.Build.0 = Debug|x64
		{BABF7543-3814-4CBE-A224-118374FF7645}.Debug|x86.ActiveCfg = Debug|Win32
		{BABF7543-3814-4CBE-A224-118374FF7645}.Debug|x86.Build.0 = Debug|Win32
		{BABF7543-3814-4CBE-A224-118374FF7645}.Release|x64.ActiveCfg = Release|x64
		{BABF7543-3814-4CBE-A224-118374FF7645}.Release|x64.Build.0 = Release|x64
		{BABF7543-3814-4CBE-A224-118374FF7645}.Release|x86.ActiveCfg = Release|Win32
		{BABF7543-3814-4CBE-A224-118374FF7645}.Release|x86.Build.0 = Release|Win32
	EndGlobalSection
	GlobalSection(SolutionProperties) = preSolution
		HideSolutionNode = FALSE
	EndGlobalSection
	GlobalSection(ExtensibilityGlobals) = postSolution
		SolutionGuid = {052D34C7-73FA-4B82-A8A0-0E7825A7957D}
	EndGlobalSection
EndGlobal
