
Microsoft Visual Studio Solution File, Format Version 12.00
# Visual Studio Version 17
VisualStudioVersion = 17.6.33815.320
MinimumVisualStudioVersion = 10.0.40219.1
Project("{FAE04EC0-301F-11D3-BF4B-00C04F79EFBC}") = "Classes and Namespaces", "Classes and Namespaces\Classes and Namespaces.csproj", "{AA48FF06-9730-40A7-81D1-5B99BC93DB09}"
EndProject
Global
	GlobalSection(SolutionConfigurationPlatforms) = preSolution
		Debug|Any CPU = Debug|Any CPU
		Release|Any CPU = Release|Any CPU
	EndGlobalSection
	GlobalSection(ProjectConfigurationPlatforms) = postSolution
		{AA48FF06-9730-40A7-81D1-5B99BC93DB09}.Debug|Any CPU.ActiveCfg = Debug|Any CPU
		{AA48FF06-9730-40A7-81D1-5B99BC93DB09}.Debug|Any CPU.Build.0 = Debug|Any CPU
		{AA48FF06-9730-40A7-81D1-5B99BC93DB09}.Release|Any CPU.ActiveCfg = Release|Any CPU
		{AA48FF06-9730-40A7-81D1-5B99BC93DB09}.Release|Any CPU.Build.0 = Release|Any CPU
	EndGlobalSection
	GlobalSection(SolutionProperties) = preSolution
		HideSolutionNode = FALSE
	EndGlobalSection
	GlobalSection(ExtensibilityGlobals) = postSolution
		SolutionGuid = {327B5D83-A659-4650-9BF2-9CB22DA596AA}
	EndGlobalSection
EndGlobal
